
Microsoft Visual Studio Solution File, Format Version 12.00
# Visual Studio Version 17
VisualStudioVersion = 17.13.35913.81 d17.13
MinimumVisualStudioVersion = 10.0.40219.1
Project("{FAE04EC0-301F-11D3-BF4B-00C04F79EFBC}") = "Harrypotter", "Harrypotter\Harrypotter.csproj", "{ED746640-6016-4FF5-B483-943B59A0E225}"
EndProject
Global
	GlobalSection(SolutionConfigurationPlatforms) = preSolution
		Debug|Any CPU = Debug|Any CPU
		Release|Any CPU = Release|Any CPU
	EndGlobalSection
	GlobalSection(ProjectConfigurationPlatforms) = postSolution
		{ED746640-6016-4FF5-B483-943B59A0E225}.Debug|Any CPU.ActiveCfg = Debug|Any CPU
		{ED746640-6016-4FF5-B483-943B59A0E225}.Debug|Any CPU.Build.0 = Debug|Any CPU
		{ED746640-6016-4FF5-B483-943B59A0E225}.Release|Any CPU.ActiveCfg = Release|Any CPU
		{ED746640-6016-4FF5-B483-943B59A0E225}.Release|Any CPU.Build.0 = Release|Any CPU
	EndGlobalSection
	GlobalSection(SolutionProperties) = preSolution
		HideSolutionNode = FALSE
	EndGlobalSection
	GlobalSection(ExtensibilityGlobals) = postSolution
		SolutionGuid = {F3238B1D-5B16-4368-9F13-7F239480B966}
	EndGlobalSection
EndGlobal
